{
  "originHash" : "a76e80e78b51c813f22e56b55d01ede749796164cc8c9f3f7f1b2d10df3fc4a6",
  "pins" : [
    {
      "identity" : "automerge-swift",
      "kind" : "remoteSourceControl",
      "location" : "https://github.com/automerge/automerge-swift.git",
      "state" : {
        "revision" : "f107c3bafc1d068252b65d3149729c11a50182d3",
        "version" : "0.5.15"
      }
    },
    {
      "identity" : "persistenthistorytrackingkit",
      "kind" : "remoteSourceControl",
      "location" : "https://github.com/fatbobman/PersistentHistoryTrackingKit",
      "state" : {
        "revision" : "199084a62296562ffc9fb7d50d326887c7c9079b",
        "version" : "1.0.6"
      }
    },
    {
      "identity" : "swift-async-algorithms",
      "kind" : "remoteSourceControl",
      "location" : "https://github.com/apple/swift-async-algorithms",
      "state" : {
        "revision" : "9cfed92b026c524674ed869a4ff2dcfdeedf8a2a",
        "version" : "0.1.0"
      }
    },
    {
      "identity" : "swift-collections",
      "kind" : "remoteSourceControl",
      "location" : "https://github.com/apple/swift-collections.git",
      "state" : {
        "revision" : "94cf62b3ba8d4bed62680a282d4c25f9c63c2efb",
        "version" : "1.1.0"
      }
    }
  ],
  "version" : 3
}
