{
  "originHash" : "9435c3d42cafdc5cbf5c9e24a376cec23c039d80dcb1bf30c3da565f691563db",
  "pins" : [
    {
      "identity" : "automerge-swift",
      "kind" : "remoteSourceControl",
      "location" : "https://github.com/automerge/automerge-swift.git",
      "state" : {
        "revision" : "26ccaf99d54bdc71a9c5ad77690b82ae20a7078c",
        "version" : "0.5.16"
      }
    }
  ],
  "version" : 3
}
