// !$*UTF8*$!
{
	archiveVersion = 1;
	classes = {
	};
	objectVersion = 56;
	objects = {

/* Begin PBXBuildFile section */
		431842082C111737005F41FC /* AutomergeStoreSyncTests.swift in Sources */ = {isa = PBXBuildFile; fileRef = 431842072C111737005F41FC /* AutomergeStoreSyncTests.swift */; };
		434532B42C135114008FC5A8 /* WorkspaceMO+Extensions.swift in Sources */ = {isa = PBXBuildFile; fileRef = 434532B32C135114008FC5A8 /* WorkspaceMO+Extensions.swift */; };
		434532B62C13514F008FC5A8 /* ChunkMO+Extensions.swift in Sources */ = {isa = PBXBuildFile; fileRef = 434532B52C13514F008FC5A8 /* ChunkMO+Extensions.swift */; };
		434532BE2C1373D6008FC5A8 /* NSManagedObjectContext+Fetching.swift in Sources */ = {isa = PBXBuildFile; fileRef = 434532BD2C1373D6008FC5A8 /* NSManagedObjectContext+Fetching.swift */; };
		434532CA2C18AD81008FC5A8 /* ContentView+ViewModel.swift in Sources */ = {isa = PBXBuildFile; fileRef = 434532C92C18AD81008FC5A8 /* ContentView+ViewModel.swift */; };
		43A33E102C0F285D00B234F8 /* URL+DevNull.swift in Sources */ = {isa = PBXBuildFile; fileRef = 43A33E0F2C0F285D00B234F8 /* URL+DevNull.swift */; };
		43AA84722C1B013E000E67D5 /* AutomergeStore.swift in Sources */ = {isa = PBXBuildFile; fileRef = 43AA84712C1B013E000E67D5 /* AutomergeStore.swift */; };
		43AA84742C1B05E2000E67D5 /* AutomergeStore+Transaction.swift in Sources */ = {isa = PBXBuildFile; fileRef = 43AA84732C1B05E2000E67D5 /* AutomergeStore+Transaction.swift */; };
		43AA84782C1B0E9B000E67D5 /* AutomergeStore+CoreDataObservation.swift in Sources */ = {isa = PBXBuildFile; fileRef = 43AA84772C1B0E9A000E67D5 /* AutomergeStore+CoreDataObservation.swift */; };
		43CF28612C0CF5A40023FF0A /* AutomergeStoreApp.swift in Sources */ = {isa = PBXBuildFile; fileRef = 43CF28602C0CF5A40023FF0A /* AutomergeStoreApp.swift */; };
		43CF28662C0CF5A40023FF0A /* AutomergeStore.xcdatamodeld in Sources */ = {isa = PBXBuildFile; fileRef = 43CF28642C0CF5A40023FF0A /* AutomergeStore.xcdatamodeld */; };
		43CF28682C0CF5A40023FF0A /* ContentView.swift in Sources */ = {isa = PBXBuildFile; fileRef = 43CF28672C0CF5A40023FF0A /* ContentView.swift */; };
		43CF286A2C0CF5A50023FF0A /* Assets.xcassets in Resources */ = {isa = PBXBuildFile; fileRef = 43CF28692C0CF5A50023FF0A /* Assets.xcassets */; };
		43CF286E2C0CF5A50023FF0A /* Preview Assets.xcassets in Resources */ = {isa = PBXBuildFile; fileRef = 43CF286D2C0CF5A50023FF0A /* Preview Assets.xcassets */; };
		43CF28782C0CF5A50023FF0A /* AutomergeStoreTests.swift in Sources */ = {isa = PBXBuildFile; fileRef = 43CF28772C0CF5A50023FF0A /* AutomergeStoreTests.swift */; };
		43CF28962C0CF9530023FF0A /* Automerge in Frameworks */ = {isa = PBXBuildFile; productRef = 43CF28952C0CF9530023FF0A /* Automerge */; };
		43CF289F2C0DFC9B0023FF0A /* Logger.swift in Sources */ = {isa = PBXBuildFile; fileRef = 43CF289E2C0DFC9B0023FF0A /* Logger.swift */; };
		43CF28A12C0E0D640023FF0A /* DocumentView.swift in Sources */ = {isa = PBXBuildFile; fileRef = 43CF28A02C0E0D640023FF0A /* DocumentView.swift */; };
/* End PBXBuildFile section */

/* Begin PBXContainerItemProxy section */
		43CF28742C0CF5A50023FF0A /* PBXContainerItemProxy */ = {
			isa = PBXContainerItemProxy;
			containerPortal = 43CF28552C0CF5A40023FF0A /* Project object */;
			proxyType = 1;
			remoteGlobalIDString = 43CF285C2C0CF5A40023FF0A;
			remoteInfo = AutomergeStore;
		};
/* End PBXContainerItemProxy section */

/* Begin PBXFileReference section */
		431842072C111737005F41FC /* AutomergeStoreSyncTests.swift */ = {isa = PBXFileReference; lastKnownFileType = sourcecode.swift; path = AutomergeStoreSyncTests.swift; sourceTree = "<group>"; };
		434532B02C113153008FC5A8 /* AutomergeStore.xctestplan */ = {isa = PBXFileReference; lastKnownFileType = text; path = AutomergeStore.xctestplan; sourceTree = "<group>"; };
		434532B32C135114008FC5A8 /* WorkspaceMO+Extensions.swift */ = {isa = PBXFileReference; lastKnownFileType = sourcecode.swift; path = "WorkspaceMO+Extensions.swift"; sourceTree = "<group>"; };
		434532B52C13514F008FC5A8 /* ChunkMO+Extensions.swift */ = {isa = PBXFileReference; lastKnownFileType = sourcecode.swift; path = "ChunkMO+Extensions.swift"; sourceTree = "<group>"; };
		434532BD2C1373D6008FC5A8 /* NSManagedObjectContext+Fetching.swift */ = {isa = PBXFileReference; lastKnownFileType = sourcecode.swift; path = "NSManagedObjectContext+Fetching.swift"; sourceTree = "<group>"; };
		434532C92C18AD81008FC5A8 /* ContentView+ViewModel.swift */ = {isa = PBXFileReference; lastKnownFileType = sourcecode.swift; path = "ContentView+ViewModel.swift"; sourceTree = "<group>"; };
		434532CB2C18DF9D008FC5A8 /* NSDocument.md */ = {isa = PBXFileReference; lastKnownFileType = net.daringfireball.markdown; path = NSDocument.md; sourceTree = "<group>"; };
		43A33E0F2C0F285D00B234F8 /* URL+DevNull.swift */ = {isa = PBXFileReference; lastKnownFileType = sourcecode.swift; path = "URL+DevNull.swift"; sourceTree = "<group>"; };
		43A33E142C0F2A3A00B234F8 /* README.md */ = {isa = PBXFileReference; lastKnownFileType = net.daringfireball.markdown; path = README.md; sourceTree = "<group>"; };
		43AA84712C1B013E000E67D5 /* AutomergeStore.swift */ = {isa = PBXFileReference; lastKnownFileType = sourcecode.swift; path = AutomergeStore.swift; sourceTree = "<group>"; };
		43AA84732C1B05E2000E67D5 /* AutomergeStore+Transaction.swift */ = {isa = PBXFileReference; lastKnownFileType = sourcecode.swift; path = "AutomergeStore+Transaction.swift"; sourceTree = "<group>"; };
		43AA84772C1B0E9A000E67D5 /* AutomergeStore+CoreDataObservation.swift */ = {isa = PBXFileReference; lastKnownFileType = sourcecode.swift; path = "AutomergeStore+CoreDataObservation.swift"; sourceTree = "<group>"; };
		43CF285D2C0CF5A40023FF0A /* AutomergeStore.app */ = {isa = PBXFileReference; explicitFileType = wrapper.application; includeInIndex = 0; path = AutomergeStore.app; sourceTree = BUILT_PRODUCTS_DIR; };
		43CF28602C0CF5A40023FF0A /* AutomergeStoreApp.swift */ = {isa = PBXFileReference; lastKnownFileType = sourcecode.swift; path = AutomergeStoreApp.swift; sourceTree = "<group>"; };
		43CF28652C0CF5A40023FF0A /* AutomergeStore.xcdatamodel */ = {isa = PBXFileReference; lastKnownFileType = wrapper.xcdatamodel; path = AutomergeStore.xcdatamodel; sourceTree = "<group>"; };
		43CF28672C0CF5A40023FF0A /* ContentView.swift */ = {isa = PBXFileReference; lastKnownFileType = sourcecode.swift; path = ContentView.swift; sourceTree = "<group>"; };
		43CF28692C0CF5A50023FF0A /* Assets.xcassets */ = {isa = PBXFileReference; lastKnownFileType = folder.assetcatalog; path = Assets.xcassets; sourceTree = "<group>"; };
		43CF286B2C0CF5A50023FF0A /* AutomergeStore.entitlements */ = {isa = PBXFileReference; lastKnownFileType = text.plist.entitlements; path = AutomergeStore.entitlements; sourceTree = "<group>"; };
		43CF286D2C0CF5A50023FF0A /* Preview Assets.xcassets */ = {isa = PBXFileReference; lastKnownFileType = folder.assetcatalog; path = "Preview Assets.xcassets"; sourceTree = "<group>"; };
		43CF28732C0CF5A50023FF0A /* AutomergeStoreTests.xctest */ = {isa = PBXFileReference; explicitFileType = wrapper.cfbundle; includeInIndex = 0; path = AutomergeStoreTests.xctest; sourceTree = BUILT_PRODUCTS_DIR; };
		43CF28772C0CF5A50023FF0A /* AutomergeStoreTests.swift */ = {isa = PBXFileReference; lastKnownFileType = sourcecode.swift; path = AutomergeStoreTests.swift; sourceTree = "<group>"; };
		43CF289E2C0DFC9B0023FF0A /* Logger.swift */ = {isa = PBXFileReference; lastKnownFileType = sourcecode.swift; path = Logger.swift; sourceTree = "<group>"; };
		43CF28A02C0E0D640023FF0A /* DocumentView.swift */ = {isa = PBXFileReference; lastKnownFileType = sourcecode.swift; path = DocumentView.swift; sourceTree = "<group>"; };
		43CF28A22C0E1DE40023FF0A /* Info.plist */ = {isa = PBXFileReference; lastKnownFileType = text.plist.xml; path = Info.plist; sourceTree = "<group>"; };
/* End PBXFileReference section */

/* Begin PBXFrameworksBuildPhase section */
		43CF285A2C0CF5A40023FF0A /* Frameworks */ = {
			isa = PBXFrameworksBuildPhase;
			buildActionMask = 2147483647;
			files = (
				43CF28962C0CF9530023FF0A /* Automerge in Frameworks */,
			);
			runOnlyForDeploymentPostprocessing = 0;
		};
		43CF28702C0CF5A50023FF0A /* Frameworks */ = {
			isa = PBXFrameworksBuildPhase;
			buildActionMask = 2147483647;
			files = (
			);
			runOnlyForDeploymentPostprocessing = 0;
		};
/* End PBXFrameworksBuildPhase section */

/* Begin PBXGroup section */
		43A33E0E2C0F284E00B234F8 /* Extensions */ = {
			isa = PBXGroup;
			children = (
				43A33E0F2C0F285D00B234F8 /* URL+DevNull.swift */,
				434532B52C13514F008FC5A8 /* ChunkMO+Extensions.swift */,
				434532B32C135114008FC5A8 /* WorkspaceMO+Extensions.swift */,
				434532BD2C1373D6008FC5A8 /* NSManagedObjectContext+Fetching.swift */,
			);
			path = Extensions;
			sourceTree = "<group>";
		};
		43CF28542C0CF5A40023FF0A = {
			isa = PBXGroup;
			children = (
				434532B02C113153008FC5A8 /* AutomergeStore.xctestplan */,
				43A33E142C0F2A3A00B234F8 /* README.md */,
				434532CB2C18DF9D008FC5A8 /* NSDocument.md */,
				43CF285F2C0CF5A40023FF0A /* AutomergeStore */,
				43CF28762C0CF5A50023FF0A /* AutomergeStoreTests */,
				43CF285E2C0CF5A40023FF0A /* Products */,
			);
			sourceTree = "<group>";
		};
		43CF285E2C0CF5A40023FF0A /* Products */ = {
			isa = PBXGroup;
			children = (
				43CF285D2C0CF5A40023FF0A /* AutomergeStore.app */,
				43CF28732C0CF5A50023FF0A /* AutomergeStoreTests.xctest */,
			);
			name = Products;
			sourceTree = "<group>";
		};
		43CF285F2C0CF5A40023FF0A /* AutomergeStore */ = {
			isa = PBXGroup;
			children = (
				43CF28602C0CF5A40023FF0A /* AutomergeStoreApp.swift */,
				43CF28672C0CF5A40023FF0A /* ContentView.swift */,
				434532C92C18AD81008FC5A8 /* ContentView+ViewModel.swift */,
				43CF28A02C0E0D640023FF0A /* DocumentView.swift */,
				43AA84712C1B013E000E67D5 /* AutomergeStore.swift */,
				43AA84732C1B05E2000E67D5 /* AutomergeStore+Transaction.swift */,
				43AA84772C1B0E9A000E67D5 /* AutomergeStore+CoreDataObservation.swift */,
				43CF289E2C0DFC9B0023FF0A /* Logger.swift */,
				43A33E0E2C0F284E00B234F8 /* Extensions */,
				43CF28A22C0E1DE40023FF0A /* Info.plist */,
				43CF28692C0CF5A50023FF0A /* Assets.xcassets */,
				43CF286B2C0CF5A50023FF0A /* AutomergeStore.entitlements */,
				43CF28642C0CF5A40023FF0A /* AutomergeStore.xcdatamodeld */,
				43CF286C2C0CF5A50023FF0A /* Preview Content */,
			);
			path = AutomergeStore;
			sourceTree = "<group>";
		};
		43CF286C2C0CF5A50023FF0A /* Preview Content */ = {
			isa = PBXGroup;
			children = (
				43CF286D2C0CF5A50023FF0A /* Preview Assets.xcassets */,
			);
			path = "Preview Content";
			sourceTree = "<group>";
		};
		43CF28762C0CF5A50023FF0A /* AutomergeStoreTests */ = {
			isa = PBXGroup;
			children = (
				43CF28772C0CF5A50023FF0A /* AutomergeStoreTests.swift */,
				431842072C111737005F41FC /* AutomergeStoreSyncTests.swift */,
			);
			path = AutomergeStoreTests;
			sourceTree = "<group>";
		};
/* End PBXGroup section */

/* Begin PBXNativeTarget section */
		43CF285C2C0CF5A40023FF0A /* AutomergeStore */ = {
			isa = PBXNativeTarget;
			buildConfigurationList = 43CF28872C0CF5A60023FF0A /* Build configuration list for PBXNativeTarget "AutomergeStore" */;
			buildPhases = (
				43CF28592C0CF5A40023FF0A /* Sources */,
				43CF285A2C0CF5A40023FF0A /* Frameworks */,
				43CF285B2C0CF5A40023FF0A /* Resources */,
			);
			buildRules = (
			);
			dependencies = (
			);
			name = AutomergeStore;
			packageProductDependencies = (
				43CF28952C0CF9530023FF0A /* Automerge */,
			);
			productName = AutomergeStore;
			productReference = 43CF285D2C0CF5A40023FF0A /* AutomergeStore.app */;
			productType = "com.apple.product-type.application";
		};
		43CF28722C0CF5A50023FF0A /* AutomergeStoreTests */ = {
			isa = PBXNativeTarget;
			buildConfigurationList = 43CF288A2C0CF5A60023FF0A /* Build configuration list for PBXNativeTarget "AutomergeStoreTests" */;
			buildPhases = (
				43CF286F2C0CF5A50023FF0A /* Sources */,
				43CF28702C0CF5A50023FF0A /* Frameworks */,
				43CF28712C0CF5A50023FF0A /* Resources */,
			);
			buildRules = (
			);
			dependencies = (
				43CF28752C0CF5A50023FF0A /* PBXTargetDependency */,
			);
			name = AutomergeStoreTests;
			productName = AutomergeStoreTests;
			productReference = 43CF28732C0CF5A50023FF0A /* AutomergeStoreTests.xctest */;
			productType = "com.apple.product-type.bundle.unit-test";
		};
/* End PBXNativeTarget section */

/* Begin PBXProject section */
		43CF28552C0CF5A40023FF0A /* Project object */ = {
			isa = PBXProject;
			attributes = {
				BuildIndependentTargetsInParallel = 1;
				LastSwiftUpdateCheck = 1540;
				LastUpgradeCheck = 1540;
				TargetAttributes = {
					43CF285C2C0CF5A40023FF0A = {
						CreatedOnToolsVersion = 15.4;
					};
					43CF28722C0CF5A50023FF0A = {
						CreatedOnToolsVersion = 15.4;
						TestTargetID = 43CF285C2C0CF5A40023FF0A;
					};
				};
			};
			buildConfigurationList = 43CF28582C0CF5A40023FF0A /* Build configuration list for PBXProject "AutomergeStore" */;
			compatibilityVersion = "Xcode 14.0";
			developmentRegion = en;
			hasScannedForEncodings = 0;
			knownRegions = (
				en,
				Base,
			);
			mainGroup = 43CF28542C0CF5A40023FF0A;
			packageReferences = (
				43CF28942C0CF9530023FF0A /* XCRemoteSwiftPackageReference "automerge-swift" */,
			);
			productRefGroup = 43CF285E2C0CF5A40023FF0A /* Products */;
			projectDirPath = "";
			projectRoot = "";
			targets = (
				43CF285C2C0CF5A40023FF0A /* AutomergeStore */,
				43CF28722C0CF5A50023FF0A /* AutomergeStoreTests */,
			);
		};
/* End PBXProject section */

/* Begin PBXResourcesBuildPhase section */
		43CF285B2C0CF5A40023FF0A /* Resources */ = {
			isa = PBXResourcesBuildPhase;
			buildActionMask = 2147483647;
			files = (
				43CF286E2C0CF5A50023FF0A /* Preview Assets.xcassets in Resources */,
				43CF286A2C0CF5A50023FF0A /* Assets.xcassets in Resources */,
			);
			runOnlyForDeploymentPostprocessing = 0;
		};
		43CF28712C0CF5A50023FF0A /* Resources */ = {
			isa = PBXResourcesBuildPhase;
			buildActionMask = 2147483647;
			files = (
			);
			runOnlyForDeploymentPostprocessing = 0;
		};
/* End PBXResourcesBuildPhase section */

/* Begin PBXSourcesBuildPhase section */
		43CF28592C0CF5A40023FF0A /* Sources */ = {
			isa = PBXSourcesBuildPhase;
			buildActionMask = 2147483647;
			files = (
				43AA84742C1B05E2000E67D5 /* AutomergeStore+Transaction.swift in Sources */,
				43AA84782C1B0E9B000E67D5 /* AutomergeStore+CoreDataObservation.swift in Sources */,
				43CF28612C0CF5A40023FF0A /* AutomergeStoreApp.swift in Sources */,
				43AA84722C1B013E000E67D5 /* AutomergeStore.swift in Sources */,
				43A33E102C0F285D00B234F8 /* URL+DevNull.swift in Sources */,
				434532BE2C1373D6008FC5A8 /* NSManagedObjectContext+Fetching.swift in Sources */,
				43CF28682C0CF5A40023FF0A /* ContentView.swift in Sources */,
				43CF289F2C0DFC9B0023FF0A /* Logger.swift in Sources */,
				434532CA2C18AD81008FC5A8 /* ContentView+ViewModel.swift in Sources */,
				434532B42C135114008FC5A8 /* WorkspaceMO+Extensions.swift in Sources */,
				43CF28662C0CF5A40023FF0A /* AutomergeStore.xcdatamodeld in Sources */,
				434532B62C13514F008FC5A8 /* ChunkMO+Extensions.swift in Sources */,
				43CF28A12C0E0D640023FF0A /* DocumentView.swift in Sources */,
			);
			runOnlyForDeploymentPostprocessing = 0;
		};
		43CF286F2C0CF5A50023FF0A /* Sources */ = {
			isa = PBXSourcesBuildPhase;
			buildActionMask = 2147483647;
			files = (
				431842082C111737005F41FC /* AutomergeStoreSyncTests.swift in Sources */,
				43CF28782C0CF5A50023FF0A /* AutomergeStoreTests.swift in Sources */,
			);
			runOnlyForDeploymentPostprocessing = 0;
		};
/* End PBXSourcesBuildPhase section */

/* Begin PBXTargetDependency section */
		43CF28752C0CF5A50023FF0A /* PBXTargetDependency */ = {
			isa = PBXTargetDependency;
			target = 43CF285C2C0CF5A40023FF0A /* AutomergeStore */;
			targetProxy = 43CF28742C0CF5A50023FF0A /* PBXContainerItemProxy */;
		};
/* End PBXTargetDependency section */

/* Begin XCBuildConfiguration section */
		43CF28852C0CF5A60023FF0A /* Debug */ = {
			isa = XCBuildConfiguration;
			buildSettings = {
				ALWAYS_SEARCH_USER_PATHS = NO;
				ASSETCATALOG_COMPILER_GENERATE_SWIFT_ASSET_SYMBOL_EXTENSIONS = YES;
				CLANG_ANALYZER_NONNULL = YES;
				CLANG_ANALYZER_NUMBER_OBJECT_CONVERSION = YES_AGGRESSIVE;
				CLANG_CXX_LANGUAGE_STANDARD = "gnu++20";
				CLANG_ENABLE_MODULES = YES;
				CLANG_ENABLE_OBJC_ARC = YES;
				CLANG_ENABLE_OBJC_WEAK = YES;
				CLANG_WARN_BLOCK_CAPTURE_AUTORELEASING = YES;
				CLANG_WARN_BOOL_CONVERSION = YES;
				CLANG_WARN_COMMA = YES;
				CLANG_WARN_CONSTANT_CONVERSION = YES;
				CLANG_WARN_DEPRECATED_OBJC_IMPLEMENTATIONS = YES;
				CLANG_WARN_DIRECT_OBJC_ISA_USAGE = YES_ERROR;
				CLANG_WARN_DOCUMENTATION_COMMENTS = YES;
				CLANG_WARN_EMPTY_BODY = YES;
				CLANG_WARN_ENUM_CONVERSION = YES;
				CLANG_WARN_INFINITE_RECURSION = YES;
				CLANG_WARN_INT_CONVERSION = YES;
				CLANG_WARN_NON_LITERAL_NULL_CONVERSION = YES;
				CLANG_WARN_OBJC_IMPLICIT_RETAIN_SELF = YES;
				CLANG_WARN_OBJC_LITERAL_CONVERSION = YES;
				CLANG_WARN_OBJC_ROOT_CLASS = YES_ERROR;
				CLANG_WARN_QUOTED_INCLUDE_IN_FRAMEWORK_HEADER = YES;
				CLANG_WARN_RANGE_LOOP_ANALYSIS = YES;
				CLANG_WARN_STRICT_PROTOTYPES = YES;
				CLANG_WARN_SUSPICIOUS_MOVE = YES;
				CLANG_WARN_UNGUARDED_AVAILABILITY = YES_AGGRESSIVE;
				CLANG_WARN_UNREACHABLE_CODE = YES;
				CLANG_WARN__DUPLICATE_METHOD_MATCH = YES;
				COPY_PHASE_STRIP = NO;
				DEAD_CODE_STRIPPING = YES;
				DEBUG_INFORMATION_FORMAT = dwarf;
				ENABLE_STRICT_OBJC_MSGSEND = YES;
				ENABLE_TESTABILITY = YES;
				ENABLE_USER_SCRIPT_SANDBOXING = YES;
				GCC_C_LANGUAGE_STANDARD = gnu17;
				GCC_DYNAMIC_NO_PIC = NO;
				GCC_NO_COMMON_BLOCKS = YES;
				GCC_OPTIMIZATION_LEVEL = 0;
				GCC_PREPROCESSOR_DEFINITIONS = (
					"DEBUG=1",
					"$(inherited)",
				);
				GCC_WARN_64_TO_32_BIT_CONVERSION = YES;
				GCC_WARN_ABOUT_RETURN_TYPE = YES_ERROR;
				GCC_WARN_UNDECLARED_SELECTOR = YES;
				GCC_WARN_UNINITIALIZED_AUTOS = YES_AGGRESSIVE;
				GCC_WARN_UNUSED_FUNCTION = YES;
				GCC_WARN_UNUSED_VARIABLE = YES;
				LOCALIZATION_PREFERS_STRING_CATALOGS = YES;
				MTL_ENABLE_DEBUG_INFO = INCLUDE_SOURCE;
				MTL_FAST_MATH = YES;
				ONLY_ACTIVE_ARCH = YES;
				SWIFT_ACTIVE_COMPILATION_CONDITIONS = "DEBUG $(inherited)";
				SWIFT_OPTIMIZATION_LEVEL = "-Onone";
			};
			name = Debug;
		};
		43CF28862C0CF5A60023FF0A /* Release */ = {
			isa = XCBuildConfiguration;
			buildSettings = {
				ALWAYS_SEARCH_USER_PATHS = NO;
				ASSETCATALOG_COMPILER_GENERATE_SWIFT_ASSET_SYMBOL_EXTENSIONS = YES;
				CLANG_ANALYZER_NONNULL = YES;
				CLANG_ANALYZER_NUMBER_OBJECT_CONVERSION = YES_AGGRESSIVE;
				CLANG_CXX_LANGUAGE_STANDARD = "gnu++20";
				CLANG_ENABLE_MODULES = YES;
				CLANG_ENABLE_OBJC_ARC = YES;
				CLANG_ENABLE_OBJC_WEAK = YES;
				CLANG_WARN_BLOCK_CAPTURE_AUTORELEASING = YES;
				CLANG_WARN_BOOL_CONVERSION = YES;
				CLANG_WARN_COMMA = YES;
				CLANG_WARN_CONSTANT_CONVERSION = YES;
				CLANG_WARN_DEPRECATED_OBJC_IMPLEMENTATIONS = YES;
				CLANG_WARN_DIRECT_OBJC_ISA_USAGE = YES_ERROR;
				CLANG_WARN_DOCUMENTATION_COMMENTS = YES;
				CLANG_WARN_EMPTY_BODY = YES;
				CLANG_WARN_ENUM_CONVERSION = YES;
				CLANG_WARN_INFINITE_RECURSION = YES;
				CLANG_WARN_INT_CONVERSION = YES;
				CLANG_WARN_NON_LITERAL_NULL_CONVERSION = YES;
				CLANG_WARN_OBJC_IMPLICIT_RETAIN_SELF = YES;
				CLANG_WARN_OBJC_LITERAL_CONVERSION = YES;
				CLANG_WARN_OBJC_ROOT_CLASS = YES_ERROR;
				CLANG_WARN_QUOTED_INCLUDE_IN_FRAMEWORK_HEADER = YES;
				CLANG_WARN_RANGE_LOOP_ANALYSIS = YES;
				CLANG_WARN_STRICT_PROTOTYPES = YES;
				CLANG_WARN_SUSPICIOUS_MOVE = YES;
				CLANG_WARN_UNGUARDED_AVAILABILITY = YES_AGGRESSIVE;
				CLANG_WARN_UNREACHABLE_CODE = YES;
				CLANG_WARN__DUPLICATE_METHOD_MATCH = YES;
				COPY_PHASE_STRIP = NO;
				DEAD_CODE_STRIPPING = YES;
				DEBUG_INFORMATION_FORMAT = "dwarf-with-dsym";
				ENABLE_NS_ASSERTIONS = NO;
				ENABLE_STRICT_OBJC_MSGSEND = YES;
				ENABLE_USER_SCRIPT_SANDBOXING = YES;
				GCC_C_LANGUAGE_STANDARD = gnu17;
				GCC_NO_COMMON_BLOCKS = YES;
				GCC_WARN_64_TO_32_BIT_CONVERSION = YES;
				GCC_WARN_ABOUT_RETURN_TYPE = YES_ERROR;
				GCC_WARN_UNDECLARED_SELECTOR = YES;
				GCC_WARN_UNINITIALIZED_AUTOS = YES_AGGRESSIVE;
				GCC_WARN_UNUSED_FUNCTION = YES;
				GCC_WARN_UNUSED_VARIABLE = YES;
				LOCALIZATION_PREFERS_STRING_CATALOGS = YES;
				MTL_ENABLE_DEBUG_INFO = NO;
				MTL_FAST_MATH = YES;
				SWIFT_COMPILATION_MODE = wholemodule;
			};
			name = Release;
		};
		43CF28882C0CF5A60023FF0A /* Debug */ = {
			isa = XCBuildConfiguration;
			buildSettings = {
				ASSETCATALOG_COMPILER_APPICON_NAME = AppIcon;
				ASSETCATALOG_COMPILER_GLOBAL_ACCENT_COLOR_NAME = AccentColor;
				CODE_SIGN_ENTITLEMENTS = AutomergeStore/AutomergeStore.entitlements;
				CODE_SIGN_STYLE = Automatic;
				CURRENT_PROJECT_VERSION = 1;
				DEAD_CODE_STRIPPING = YES;
				DEVELOPMENT_ASSET_PATHS = "\"AutomergeStore/Preview Content\"";
				DEVELOPMENT_TEAM = 64A5CLJP5W;
				ENABLE_HARDENED_RUNTIME = YES;
				ENABLE_PREVIEWS = YES;
				GENERATE_INFOPLIST_FILE = YES;
				INFOPLIST_FILE = AutomergeStore/Info.plist;
				INFOPLIST_KEY_LSApplicationCategoryType = "public.app-category.productivity";
				"INFOPLIST_KEY_UIApplicationSceneManifest_Generation[sdk=iphoneos*]" = YES;
				"INFOPLIST_KEY_UIApplicationSceneManifest_Generation[sdk=iphonesimulator*]" = YES;
				"INFOPLIST_KEY_UIApplicationSupportsIndirectInputEvents[sdk=iphoneos*]" = YES;
				"INFOPLIST_KEY_UIApplicationSupportsIndirectInputEvents[sdk=iphonesimulator*]" = YES;
				"INFOPLIST_KEY_UILaunchScreen_Generation[sdk=iphoneos*]" = YES;
				"INFOPLIST_KEY_UILaunchScreen_Generation[sdk=iphonesimulator*]" = YES;
				"INFOPLIST_KEY_UIStatusBarStyle[sdk=iphoneos*]" = UIStatusBarStyleDefault;
				"INFOPLIST_KEY_UIStatusBarStyle[sdk=iphonesimulator*]" = UIStatusBarStyleDefault;
				INFOPLIST_KEY_UISupportedInterfaceOrientations_iPad = "UIInterfaceOrientationPortrait UIInterfaceOrientationPortraitUpsideDown UIInterfaceOrientationLandscapeLeft UIInterfaceOrientationLandscapeRight";
				INFOPLIST_KEY_UISupportedInterfaceOrientations_iPhone = "UIInterfaceOrientationPortrait UIInterfaceOrientationLandscapeLeft UIInterfaceOrientationLandscapeRight";
				IPHONEOS_DEPLOYMENT_TARGET = 17.5;
				LD_RUNPATH_SEARCH_PATHS = "@executable_path/Frameworks";
				"LD_RUNPATH_SEARCH_PATHS[sdk=macosx*]" = "@executable_path/../Frameworks";
				MACOSX_DEPLOYMENT_TARGET = 14.5;
				MARKETING_VERSION = 1.0;
				PRODUCT_BUNDLE_IDENTIFIER = com.hogbaysoftware.AutomergeStore;
				PRODUCT_NAME = "$(TARGET_NAME)";
				SDKROOT = auto;
				SUPPORTED_PLATFORMS = "iphoneos iphonesimulator macosx";
				SWIFT_EMIT_LOC_STRINGS = YES;
				SWIFT_STRICT_CONCURRENCY = complete;
				SWIFT_VERSION = 5.0;
				TARGETED_DEVICE_FAMILY = "1,2";
			};
			name = Debug;
		};
		43CF28892C0CF5A60023FF0A /* Release */ = {
			isa = XCBuildConfiguration;
			buildSettings = {
				ASSETCATALOG_COMPILER_APPICON_NAME = AppIcon;
				ASSETCATALOG_COMPILER_GLOBAL_ACCENT_COLOR_NAME = AccentColor;
				CODE_SIGN_ENTITLEMENTS = AutomergeStore/AutomergeStore.entitlements;
				CODE_SIGN_STYLE = Automatic;
				CURRENT_PROJECT_VERSION = 1;
				DEAD_CODE_STRIPPING = YES;
				DEVELOPMENT_ASSET_PATHS = "\"AutomergeStore/Preview Content\"";
				DEVELOPMENT_TEAM = 64A5CLJP5W;
				ENABLE_HARDENED_RUNTIME = YES;
				ENABLE_PREVIEWS = YES;
				GENERATE_INFOPLIST_FILE = YES;
				INFOPLIST_FILE = AutomergeStore/Info.plist;
				INFOPLIST_KEY_LSApplicationCategoryType = "public.app-category.productivity";
				"INFOPLIST_KEY_UIApplicationSceneManifest_Generation[sdk=iphoneos*]" = YES;
				"INFOPLIST_KEY_UIApplicationSceneManifest_Generation[sdk=iphonesimulator*]" = YES;
				"INFOPLIST_KEY_UIApplicationSupportsIndirectInputEvents[sdk=iphoneos*]" = YES;
				"INFOPLIST_KEY_UIApplicationSupportsIndirectInputEvents[sdk=iphonesimulator*]" = YES;
				"INFOPLIST_KEY_UILaunchScreen_Generation[sdk=iphoneos*]" = YES;
				"INFOPLIST_KEY_UILaunchScreen_Generation[sdk=iphonesimulator*]" = YES;
				"INFOPLIST_KEY_UIStatusBarStyle[sdk=iphoneos*]" = UIStatusBarStyleDefault;
				"INFOPLIST_KEY_UIStatusBarStyle[sdk=iphonesimulator*]" = UIStatusBarStyleDefault;
				INFOPLIST_KEY_UISupportedInterfaceOrientations_iPad = "UIInterfaceOrientationPortrait UIInterfaceOrientationPortraitUpsideDown UIInterfaceOrientationLandscapeLeft UIInterfaceOrientationLandscapeRight";
				INFOPLIST_KEY_UISupportedInterfaceOrientations_iPhone = "UIInterfaceOrientationPortrait UIInterfaceOrientationLandscapeLeft UIInterfaceOrientationLandscapeRight";
				IPHONEOS_DEPLOYMENT_TARGET = 17.5;
				LD_RUNPATH_SEARCH_PATHS = "@executable_path/Frameworks";
				"LD_RUNPATH_SEARCH_PATHS[sdk=macosx*]" = "@executable_path/../Frameworks";
				MACOSX_DEPLOYMENT_TARGET = 14.5;
				MARKETING_VERSION = 1.0;
				PRODUCT_BUNDLE_IDENTIFIER = com.hogbaysoftware.AutomergeStore;
				PRODUCT_NAME = "$(TARGET_NAME)";
				SDKROOT = auto;
				SUPPORTED_PLATFORMS = "iphoneos iphonesimulator macosx";
				SWIFT_EMIT_LOC_STRINGS = YES;
				SWIFT_STRICT_CONCURRENCY = complete;
				SWIFT_VERSION = 5.0;
				TARGETED_DEVICE_FAMILY = "1,2";
			};
			name = Release;
		};
		43CF288B2C0CF5A60023FF0A /* Debug */ = {
			isa = XCBuildConfiguration;
			buildSettings = {
				ALWAYS_EMBED_SWIFT_STANDARD_LIBRARIES = YES;
				BUNDLE_LOADER = "$(TEST_HOST)";
				CODE_SIGN_STYLE = Automatic;
				CURRENT_PROJECT_VERSION = 1;
				DEAD_CODE_STRIPPING = YES;
				DEVELOPMENT_TEAM = 64A5CLJP5W;
				GENERATE_INFOPLIST_FILE = YES;
				IPHONEOS_DEPLOYMENT_TARGET = 17.5;
				MACOSX_DEPLOYMENT_TARGET = 14.5;
				MARKETING_VERSION = 1.0;
				PRODUCT_BUNDLE_IDENTIFIER = com.hogbaysoftware.AutomergeStoreTests;
				PRODUCT_NAME = "$(TARGET_NAME)";
				SDKROOT = auto;
				SUPPORTED_PLATFORMS = "iphoneos iphonesimulator macosx";
				SWIFT_EMIT_LOC_STRINGS = NO;
				SWIFT_VERSION = 5.0;
				TARGETED_DEVICE_FAMILY = "1,2";
				TEST_HOST = "$(BUILT_PRODUCTS_DIR)/AutomergeStore.app/$(BUNDLE_EXECUTABLE_FOLDER_PATH)/AutomergeStore";
			};
			name = Debug;
		};
		43CF288C2C0CF5A60023FF0A /* Release */ = {
			isa = XCBuildConfiguration;
			buildSettings = {
				ALWAYS_EMBED_SWIFT_STANDARD_LIBRARIES = YES;
				BUNDLE_LOADER = "$(TEST_HOST)";
				CODE_SIGN_STYLE = Automatic;
				CURRENT_PROJECT_VERSION = 1;
				DEAD_CODE_STRIPPING = YES;
				DEVELOPMENT_TEAM = 64A5CLJP5W;
				GENERATE_INFOPLIST_FILE = YES;
				IPHONEOS_DEPLOYMENT_TARGET = 17.5;
				MACOSX_DEPLOYMENT_TARGET = 14.5;
				MARKETING_VERSION = 1.0;
				PRODUCT_BUNDLE_IDENTIFIER = com.hogbaysoftware.AutomergeStoreTests;
				PRODUCT_NAME = "$(TARGET_NAME)";
				SDKROOT = auto;
				SUPPORTED_PLATFORMS = "iphoneos iphonesimulator macosx";
				SWIFT_EMIT_LOC_STRINGS = NO;
				SWIFT_VERSION = 5.0;
				TARGETED_DEVICE_FAMILY = "1,2";
				TEST_HOST = "$(BUILT_PRODUCTS_DIR)/AutomergeStore.app/$(BUNDLE_EXECUTABLE_FOLDER_PATH)/AutomergeStore";
			};
			name = Release;
		};
/* End XCBuildConfiguration section */

/* Begin XCConfigurationList section */
		43CF28582C0CF5A40023FF0A /* Build configuration list for PBXProject "AutomergeStore" */ = {
			isa = XCConfigurationList;
			buildConfigurations = (
				43CF28852C0CF5A60023FF0A /* Debug */,
				43CF28862C0CF5A60023FF0A /* Release */,
			);
			defaultConfigurationIsVisible = 0;
			defaultConfigurationName = Release;
		};
		43CF28872C0CF5A60023FF0A /* Build configuration list for PBXNativeTarget "AutomergeStore" */ = {
			isa = XCConfigurationList;
			buildConfigurations = (
				43CF28882C0CF5A60023FF0A /* Debug */,
				43CF28892C0CF5A60023FF0A /* Release */,
			);
			defaultConfigurationIsVisible = 0;
			defaultConfigurationName = Release;
		};
		43CF288A2C0CF5A60023FF0A /* Build configuration list for PBXNativeTarget "AutomergeStoreTests" */ = {
			isa = XCConfigurationList;
			buildConfigurations = (
				43CF288B2C0CF5A60023FF0A /* Debug */,
				43CF288C2C0CF5A60023FF0A /* Release */,
			);
			defaultConfigurationIsVisible = 0;
			defaultConfigurationName = Release;
		};
/* End XCConfigurationList section */

/* Begin XCRemoteSwiftPackageReference section */
		43CF28942C0CF9530023FF0A /* XCRemoteSwiftPackageReference "automerge-swift" */ = {
			isa = XCRemoteSwiftPackageReference;
			repositoryURL = "https://github.com/automerge/automerge-swift.git";
			requirement = {
				kind = upToNextMajorVersion;
				minimumVersion = 0.5.16;
			};
		};
/* End XCRemoteSwiftPackageReference section */

/* Begin XCSwiftPackageProductDependency section */
		43CF28952C0CF9530023FF0A /* Automerge */ = {
			isa = XCSwiftPackageProductDependency;
			package = 43CF28942C0CF9530023FF0A /* XCRemoteSwiftPackageReference "automerge-swift" */;
			productName = Automerge;
		};
/* End XCSwiftPackageProductDependency section */

/* Begin XCVersionGroup section */
		43CF28642C0CF5A40023FF0A /* AutomergeStore.xcdatamodeld */ = {
			isa = XCVersionGroup;
			children = (
				43CF28652C0CF5A40023FF0A /* AutomergeStore.xcdatamodel */,
			);
			currentVersion = 43CF28652C0CF5A40023FF0A /* AutomergeStore.xcdatamodel */;
			path = AutomergeStore.xcdatamodeld;
			sourceTree = "<group>";
			versionGroupType = wrapper.xcdatamodel;
		};
/* End XCVersionGroup section */
	};
	rootObject = 43CF28552C0CF5A40023FF0A /* Project object */;
}
